
Microsoft Visual Studio Solution File, Format Version 12.00
# Visual Studio 15
Project("{FAE04EC0-301F-11D3-BF4B-00C04F79EFBC}") = "Assembly-CSharp", "Assembly-CSharp.csproj", "{CA7056D4-842A-996C-8D05-D286CF3EBFF4}"
EndProject
Project("{FAE04EC0-301F-11D3-BF4B-00C04F79EFBC}") = "Assembly-CSharp-Editor", "Assembly-CSharp-Editor.csproj", "{622BBB22-C82C-2525-D0AE-B8D214F4FB17}"
EndProject
Global
	GlobalSection(SolutionConfigurationPlatforms) = preSolution
		Debug|Any CPU = Debug|Any CPU
		Release|Any CPU = Release|Any CPU
	EndGlobalSection
	GlobalSection(ProjectConfigurationPlatforms) = postSolution
		{CA7056D4-842A-996C-8D05-D286CF3EBFF4}.Debug|Any CPU.ActiveCfg = Debug|Any CPU
		{CA7056D4-842A-996C-8D05-D286CF3EBFF4}.Debug|Any CPU.Build.0 = Debug|Any CPU
		{CA7056D4-842A-996C-8D05-D286CF3EBFF4}.Release|Any CPU.ActiveCfg = Release|Any CPU
		{CA7056D4-842A-996C-8D05-D286CF3EBFF4}.Release|Any CPU.Build.0 = Release|Any CPU
		{622BBB22-C82C-2525-D0AE-B8D214F4FB17}.Debug|Any CPU.ActiveCfg = Debug|Any CPU
		{622BBB22-C82C-2525-D0AE-B8D214F4FB17}.Debug|Any CPU.Build.0 = Debug|Any CPU
		{622BBB22-C82C-2525-D0AE-B8D214F4FB17}.Release|Any CPU.ActiveCfg = Release|Any CPU
		{622BBB22-C82C-2525-D0AE-B8D214F4FB17}.Release|Any CPU.Build.0 = Release|Any CPU
	EndGlobalSection
	GlobalSection(SolutionProperties) = preSolution
		HideSolutionNode = FALSE
	EndGlobalSection
EndGlobal
